// !$*UTF8*$!
{
	archiveVersion = 1;
	classes = {
	};
	objectVersion = 50;
	objects = {

/* Begin PBXBuildFile section */
		7AB9CFA9234A66F500D8400E /* AppDelegate.swift in Sources */ = {isa = PBXBuildFile; fileRef = 7AB9CFA8234A66F500D8400E /* AppDelegate.swift */; };
		7AB9CFAB234A66F500D8400E /* SceneDelegate.swift in Sources */ = {isa = PBXBuildFile; fileRef = 7AB9CFAA234A66F500D8400E /* SceneDelegate.swift */; };
		7AB9CFAD234A66F500D8400E /* ViewController.swift in Sources */ = {isa = PBXBuildFile; fileRef = 7AB9CFAC234A66F500D8400E /* ViewController.swift */; };
		7AB9CFB0234A66F500D8400E /* Main.storyboard in Resources */ = {isa = PBXBuildFile; fileRef = 7AB9CFAE234A66F500D8400E /* Main.storyboard */; };
		7AB9CFB2234A66F700D8400E /* Assets.xcassets in Resources */ = {isa = PBXBuildFile; fileRef = 7AB9CFB1234A66F700D8400E /* Assets.xcassets */; };
		7AB9CFB5234A66F700D8400E /* LaunchScreen.storyboard in Resources */ = {isa = PBXBuildFile; fileRef = 7AB9CFB3234A66F700D8400E /* LaunchScreen.storyboard */; };
/* End PBXBuildFile section */

/* Begin PBXFileReference section */
		7AB9CFA5234A66F500D8400E /* FacebookLiveAnimation.app */ = {isa = PBXFileReference; explicitFileType = wrapper.application; includeInIndex = 0; path = FacebookLiveAnimation.app; sourceTree = BUILT_PRODUCTS_DIR; };
		7AB9CFA8234A66F500D8400E /* AppDelegate.swift */ = {isa = PBXFileReference; lastKnownFileType = sourcecode.swift; path = AppDelegate.swift; sourceTree = "<group>"; };
		7AB9CFAA234A66F500D8400E /* SceneDelegate.swift */ = {isa = PBXFileReference; lastKnownFileType = sourcecode.swift; path = SceneDelegate.swift; sourceTree = "<group>"; };
		7AB9CFAC234A66F500D8400E /* ViewController.swift */ = {isa = PBXFileReference; lastKnownFileType = sourcecode.swift; path = ViewController.swift; sourceTree = "<group>"; };
		7AB9CFAF234A66F500D8400E /* Base */ = {isa = PBXFileReference; lastKnownFileType = file.storyboard; name = Base; path = Base.lproj/Main.storyboard; sourceTree = "<group>"; };
		7AB9CFB1234A66F700D8400E /* Assets.xcassets */ = {isa = PBXFileReference; lastKnownFileType = folder.assetcatalog; path = Assets.xcassets; sourceTree = "<group>"; };
		7AB9CFB4234A66F700D8400E /* Base */ = {isa = PBXFileReference; lastKnownFileType = file.storyboard; name = Base; path = Base.lproj/LaunchScreen.storyboard; sourceTree = "<group>"; };
		7AB9CFB6234A66F700D8400E /* Info.plist */ = {isa = PBXFileReference; lastKnownFileType = text.plist.xml; path = Info.plist; sourceTree = "<group>"; };
/* End PBXFileReference section */

/* Begin PBXFrameworksBuildPhase section */
		7AB9CFA2234A66F500D8400E /* Frameworks */ = {
			isa = PBXFrameworksBuildPhase;
			buildActionMask = 2147483647;
			files = (
			);
			runOnlyForDeploymentPostprocessing = 0;
		};
/* End PBXFrameworksBuildPhase section */

/* Begin PBXGroup section */
		7AB9CF9C234A66F500D8400E = {
			isa = PBXGroup;
			children = (
				7AB9CFA7234A66F500D8400E /* FacebookLiveAnimation */,
				7AB9CFA6234A66F500D8400E /* Products */,
			);
			sourceTree = "<group>";
		};
		7AB9CFA6234A66F500D8400E /* Products */ = {
			isa = PBXGroup;
			children = (
				7AB9CFA5234A66F500D8400E /* FacebookLiveAnimation.app */,
			);
			name = Products;
			sourceTree = "<group>";
		};
		7AB9CFA7234A66F500D8400E /* FacebookLiveAnimation */ = {
			isa = PBXGroup;
			children = (
				7AB9CFA8234A66F500D8400E /* AppDelegate.swift */,
				7AB9CFAA234A66F500D8400E /* SceneDelegate.swift */,
				7AB9CFAC234A66F500D8400E /* ViewController.swift */,
				7AB9CFAE234A66F500D8400E /* Main.storyboard */,
				7AB9CFB1234A66F700D8400E /* Assets.xcassets */,
				7AB9CFB3234A66F700D8400E /* LaunchScreen.storyboard */,
				7AB9CFB6234A66F700D8400E /* Info.plist */,
			);
			path = FacebookLiveAnimation;
			sourceTree = "<group>";
		};
/* End PBXGroup section */

/* Begin PBXNativeTarget section */
		7AB9CFA4234A66F500D8400E /* FacebookLiveAnimation */ = {
			isa = PBXNativeTarget;
			buildConfigurationList = 7AB9CFB9234A66F700D8400E /* Build configuration list for PBXNativeTarget "FacebookLiveAnimation" */;
			buildPhases = (
				7AB9CFA1234A66F500D8400E /* Sources */,
				7AB9CFA2234A66F500D8400E /* Frameworks */,
				7AB9CFA3234A66F500D8400E /* Resources */,
			);
			buildRules = (
			);
			dependencies = (
			);
			name = FacebookLiveAnimation;
			productName = FacebookLiveAnimation;
			productReference = 7AB9CFA5234A66F500D8400E /* FacebookLiveAnimation.app */;
			productType = "com.apple.product-type.application";
		};
/* End PBXNativeTarget section */

/* Begin PBXProject section */
		7AB9CF9D234A66F500D8400E /* Project object */ = {
			isa = PBXProject;
			attributes = {
				LastSwiftUpdateCheck = 1100;
				LastUpgradeCheck = 1100;
				ORGANIZATIONNAME = "Maksym Bondar";
				TargetAttributes = {
					7AB9CFA4234A66F500D8400E = {
						CreatedOnToolsVersion = 11.0;
					};
				};
			};
			buildConfigurationList = 7AB9CFA0234A66F500D8400E /* Build configuration list for PBXProject "FacebookLiveAnimation" */;
			compatibilityVersion = "Xcode 9.3";
			developmentRegion = en;
			hasScannedForEncodings = 0;
			knownRegions = (
				en,
				Base,
			);
			mainGroup = 7AB9CF9C234A66F500D8400E;
			productRefGroup = 7AB9CFA6234A66F500D8400E /* Products */;
			projectDirPath = "";
			projectRoot = "";
			targets = (
				7AB9CFA4234A66F500D8400E /* FacebookLiveAnimation */,
			);
		};
/* End PBXProject section */

/* Begin PBXResourcesBuildPhase section */
		7AB9CFA3234A66F500D8400E /* Resources */ = {
			isa = PBXResourcesBuildPhase;
			buildActionMask = 2147483647;
			files = (
				7AB9CFB5234A66F700D8400E /* LaunchScreen.storyboard in Resources */,
				7AB9CFB2234A66F700D8400E /* Assets.xcassets in Resources */,
				7AB9CFB0234A66F500D8400E /* Main.storyboard in Resources */,
			);
			runOnlyForDeploymentPostprocessing = 0;
		};
/* End PBXResourcesBuildPhase section */

/* Begin PBXSourcesBuildPhase section */
		7AB9CFA1234A66F500D8400E /* Sources */ = {
			isa = PBXSourcesBuildPhase;
			buildActionMask = 2147483647;
			files = (
				7AB9CFAD234A66F500D8400E /* ViewController.swift in Sources */,
				7AB9CFA9234A66F500D8400E /* AppDelegate.swift in Sources */,
				7AB9CFAB234A66F500D8400E /* SceneDelegate.swift in Sources */,
			);
			runOnlyForDeploymentPostprocessing = 0;
		};
/* End PBXSourcesBuildPhase section */

/* Begin PBXVariantGroup section */
		7AB9CFAE234A66F500D8400E /* Main.storyboard */ = {
			isa = PBXVariantGroup;
			children = (
				7AB9CFAF234A66F500D8400E /* Base */,
			);
			name = Main.storyboard;
			sourceTree = "<group>";
		};
		7AB9CFB3234A66F700D8400E /* LaunchScreen.storyboard */ = {
			isa = PBXVariantGroup;
			children = (
				7AB9CFB4234A66F700D8400E /* Base */,
			);
			name = LaunchScreen.storyboard;
			sourceTree = "<group>";
		};
/* End PBXVariantGroup section */

/* Begin XCBuildConfiguration section */
		7AB9CFB7234A66F700D8400E /* Debug */ = {
			isa = XCBuildConfiguration;
			buildSettings = {
				ALWAYS_SEARCH_USER_PATHS = NO;
				CLANG_ANALYZER_NONNULL = YES;
				CLANG_ANALYZER_NUMBER_OBJECT_CONVERSION = YES_AGGRESSIVE;
				CLANG_CXX_LANGUAGE_STANDARD = "gnu++14";
				CLANG_CXX_LIBRARY = "libc++";
				CLANG_ENABLE_MODULES = YES;
				CLANG_ENABLE_OBJC_ARC = YES;
				CLANG_ENABLE_OBJC_WEAK = YES;
				CLANG_WARN_BLOCK_CAPTURE_AUTORELEASING = YES;
				CLANG_WARN_BOOL_CONVERSION = YES;
				CLANG_WARN_COMMA = YES;
				CLANG_WARN_CONSTANT_CONVERSION = YES;
				CLANG_WARN_DEPRECATED_OBJC_IMPLEMENTATIONS = YES;
				CLANG_WARN_DIRECT_OBJC_ISA_USAGE = YES_ERROR;
				CLANG_WARN_DOCUMENTATION_COMMENTS = YES;
				CLANG_WARN_EMPTY_BODY = YES;
				CLANG_WARN_ENUM_CONVERSION = YES;
				CLANG_WARN_INFINITE_RECURSION = YES;
				CLANG_WARN_INT_CONVERSION = YES;
				CLANG_WARN_NON_LITERAL_NULL_CONVERSION = YES;
				CLANG_WARN_OBJC_IMPLICIT_RETAIN_SELF = YES;
				CLANG_WARN_OBJC_LITERAL_CONVERSION = YES;
				CLANG_WARN_OBJC_ROOT_CLASS = YES_ERROR;
				CLANG_WARN_RANGE_LOOP_ANALYSIS = YES;
				CLANG_WARN_STRICT_PROTOTYPES = YES;
				CLANG_WARN_SUSPICIOUS_MOVE = YES;
				CLANG_WARN_UNGUARDED_AVAILABILITY = YES_AGGRESSIVE;
				CLANG_WARN_UNREACHABLE_CODE = YES;
				CLANG_WARN__DUPLICATE_METHOD_MATCH = YES;
				COPY_PHASE_STRIP = NO;
				DEBUG_INFORMATION_FORMAT = dwarf;
				ENABLE_STRICT_OBJC_MSGSEND = YES;
				ENABLE_TESTABILITY = YES;
				GCC_C_LANGUAGE_STANDARD = gnu11;
				GCC_DYNAMIC_NO_PIC = NO;
				GCC_NO_COMMON_BLOCKS = YES;
				GCC_OPTIMIZATION_LEVEL = 0;
				GCC_PREPROCESSOR_DEFINITIONS = (
					"DEBUG=1",
					"$(inherited)",
				);
				GCC_WARN_64_TO_32_BIT_CONVERSION = YES;
				GCC_WARN_ABOUT_RETURN_TYPE = YES_ERROR;
				GCC_WARN_UNDECLARED_SELECTOR = YES;
				GCC_WARN_UNINITIALIZED_AUTOS = YES_AGGRESSIVE;
				GCC_WARN_UNUSED_FUNCTION = YES;
				GCC_WARN_UNUSED_VARIABLE = YES;
				IPHONEOS_DEPLOYMENT_TARGET = 13.0;
				MTL_ENABLE_DEBUG_INFO = INCLUDE_SOURCE;
				MTL_FAST_MATH = YES;
				ONLY_ACTIVE_ARCH = YES;
				SDKROOT = iphoneos;
				SWIFT_ACTIVE_COMPILATION_CONDITIONS = DEBUG;
				SWIFT_OPTIMIZATION_LEVEL = "-Onone";
			};
			name = Debug;
		};
		7AB9CFB8234A66F700D8400E /* Release */ = {
			isa = XCBuildConfiguration;
			buildSettings = {
				ALWAYS_SEARCH_USER_PATHS = NO;
				CLANG_ANALYZER_NONNULL = YES;
				CLANG_ANALYZER_NUMBER_OBJECT_CONVERSION = YES_AGGRESSIVE;
				CLANG_CXX_LANGUAGE_STANDARD = "gnu++14";
				CLANG_CXX_LIBRARY = "libc++";
				CLANG_ENABLE_MODULES = YES;
				CLANG_ENABLE_OBJC_ARC = YES;
				CLANG_ENABLE_OBJC_WEAK = YES;
				CLANG_WARN_BLOCK_CAPTURE_AUTORELEASING = YES;
				CLANG_WARN_BOOL_CONVERSION = YES;
				CLANG_WARN_COMMA = YES;
				CLANG_WARN_CONSTANT_CONVERSION = YES;
				CLANG_WARN_DEPRECATED_OBJC_IMPLEMENTATIONS = YES;
				CLANG_WARN_DIRECT_OBJC_ISA_USAGE = YES_ERROR;
				CLANG_WARN_DOCUMENTATION_COMMENTS = YES;
				CLANG_WARN_EMPTY_BODY = YES;
				CLANG_WARN_ENUM_CONVERSION = YES;
				CLANG_WARN_INFINITE_RECURSION = YES;
				CLANG_WARN_INT_CONVERSION = YES;
				CLANG_WARN_NON_LITERAL_NULL_CONVERSION = YES;
				CLANG_WARN_OBJC_IMPLICIT_RETAIN_SELF = YES;
				CLANG_WARN_OBJC_LITERAL_CONVERSION = YES;
				CLANG_WARN_OBJC_ROOT_CLASS = YES_ERROR;
				CLANG_WARN_RANGE_LOOP_ANALYSIS = YES;
				CLANG_WARN_STRICT_PROTOTYPES = YES;
				CLANG_WARN_SUSPICIOUS_MOVE = YES;
				CLANG_WARN_UNGUARDED_AVAILABILITY = YES_AGGRESSIVE;
				CLANG_WARN_UNREACHABLE_CODE = YES;
				CLANG_WARN__DUPLICATE_METHOD_MATCH = YES;
				COPY_PHASE_STRIP = NO;
				DEBUG_INFORMATION_FORMAT = "dwarf-with-dsym";
				ENABLE_NS_ASSERTIONS = NO;
				ENABLE_STRICT_OBJC_MSGSEND = YES;
				GCC_C_LANGUAGE_STANDARD = gnu11;
				GCC_NO_COMMON_BLOCKS = YES;
				GCC_WARN_64_TO_32_BIT_CONVERSION = YES;
				GCC_WARN_ABOUT_RETURN_TYPE = YES_ERROR;
				GCC_WARN_UNDECLARED_SELECTOR = YES;
				GCC_WARN_UNINITIALIZED_AUTOS = YES_AGGRESSIVE;
				GCC_WARN_UNUSED_FUNCTION = YES;
				GCC_WARN_UNUSED_VARIABLE = YES;
				IPHONEOS_DEPLOYMENT_TARGET = 13.0;
				MTL_ENABLE_DEBUG_INFO = NO;
				MTL_FAST_MATH = YES;
				SDKROOT = iphoneos;
				SWIFT_COMPILATION_MODE = wholemodule;
				SWIFT_OPTIMIZATION_LEVEL = "-O";
				VALIDATE_PRODUCT = YES;
			};
			name = Release;
		};
		7AB9CFBA234A66F700D8400E /* Debug */ = {
			isa = XCBuildConfiguration;
			buildSettings = {
				ASSETCATALOG_COMPILER_APPICON_NAME = AppIcon;
				CODE_SIGN_STYLE = Automatic;
				DEVELOPMENT_TEAM = C98X7R8QA5;
				INFOPLIST_FILE = FacebookLiveAnimation/Info.plist;
				LD_RUNPATH_SEARCH_PATHS = (
					"$(inherited)",
					"@executable_path/Frameworks",
				);
				PRODUCT_BUNDLE_IDENTIFIER = com.maksbond.FacebookLiveAnimation;
				PRODUCT_NAME = "$(TARGET_NAME)";
				SWIFT_VERSION = 5.0;
				TARGETED_DEVICE_FAMILY = "1,2";
			};
			name = Debug;
		};
		7AB9CFBB234A66F700D8400E /* Release */ = {
			isa = XCBuildConfiguration;
			buildSettings = {
				ASSETCATALOG_COMPILER_APPICON_NAME = AppIcon;
				CODE_SIGN_STYLE = Automatic;
				DEVELOPMENT_TEAM = C98X7R8QA5;
				INFOPLIST_FILE = FacebookLiveAnimation/Info.plist;
				LD_RUNPATH_SEARCH_PATHS = (
					"$(inherited)",
					"@executable_path/Frameworks",
				);
				PRODUCT_BUNDLE_IDENTIFIER = com.maksbond.FacebookLiveAnimation;
				PRODUCT_NAME = "$(TARGET_NAME)";
				SWIFT_VERSION = 5.0;
				TARGETED_DEVICE_FAMILY = "1,2";
			};
			name = Release;
		};
/* End XCBuildConfiguration section */

/* Begin XCConfigurationList section */
		7AB9CFA0234A66F500D8400E /* Build configuration list for PBXProject "FacebookLiveAnimation" */ = {
			isa = XCConfigurationList;
			buildConfigurations = (
				7AB9CFB7234A66F700D8400E /* Debug */,
				7AB9CFB8234A66F700D8400E /* Release */,
			);
			defaultConfigurationIsVisible = 0;
			defaultConfigurationName = Release;
		};
		7AB9CFB9234A66F700D8400E /* Build configuration list for PBXNativeTarget "FacebookLiveAnimation" */ = {
			isa = XCConfigurationList;
			buildConfigurations = (
				7AB9CFBA234A66F700D8400E /* Debug */,
				7AB9CFBB234A66F700D8400E /* Release */,
			);
			defaultConfigurationIsVisible = 0;
			defaultConfigurationName = Release;
		};
/* End XCConfigurationList section */
	};
	rootObject = 7AB9CF9D234A66F500D8400E /* Project object */;
}
